
Microsoft Visual Studio Solution File, Format Version 12.00
# Visual Studio Version 17
VisualStudioVersion = 17.0.31903.59
MinimumVisualStudioVersion = 10.0.40219.1
Project("{2150E333-8FDC-42A3-9474-1A3956D46DE8}") = "01-csharp", "01-csharp", "{0E289A3C-0D15-477E-BA81-2785D8B0A68C}"
EndProject
Project("{FAE04EC0-301F-11D3-BF4B-00C04F79EFBC}") = "ConsoleApp1", "01-csharp\ConsoleApp1\ConsoleApp1.csproj", "{5805E736-7E6E-43E9-BCE2-F7890BB70E9A}"
EndProject
Global
	GlobalSection(SolutionConfigurationPlatforms) = preSolution
		Debug|Any CPU = Debug|Any CPU
		Release|Any CPU = Release|Any CPU
	EndGlobalSection
	GlobalSection(SolutionProperties) = preSolution
		HideSolutionNode = FALSE
	EndGlobalSection
	GlobalSection(ProjectConfigurationPlatforms) = postSolution
		{5805E736-7E6E-43E9-BCE2-F7890BB70E9A}.Debug|Any CPU.ActiveCfg = Debug|Any CPU
		{5805E736-7E6E-43E9-BCE2-F7890BB70E9A}.Debug|Any CPU.Build.0 = Debug|Any CPU
		{5805E736-7E6E-43E9-BCE2-F7890BB70E9A}.Release|Any CPU.ActiveCfg = Release|Any CPU
		{5805E736-7E6E-43E9-BCE2-F7890BB70E9A}.Release|Any CPU.Build.0 = Release|Any CPU
	EndGlobalSection
	GlobalSection(NestedProjects) = preSolution
		{5805E736-7E6E-43E9-BCE2-F7890BB70E9A} = {0E289A3C-0D15-477E-BA81-2785D8B0A68C}
	EndGlobalSection
EndGlobal
